schema: '2.0'
stages:
  prepare:
    cmd: python -m src.data_loader
    deps:
    - path: src/data_loader.py
      hash: md5
      md5: d2f6278e5ed88e3e1ab8a975f2eb6ca3
      size: 205
    outs:
    - path: data
      hash: md5
      md5: d751713988987e9331980363e24189ce.dir
      size: 0
      nfiles: 0
